// !$*UTF8*$!
{
	archiveVersion = 1;
	classes = {
	};
	objectVersion = 48;
	objects = {

/* Begin PBXBuildFile section */
		00F7DFED1FB716EB00AFD6A5 /* AppDelegate.swift in Sources */ = {isa = PBXBuildFile; fileRef = 00F7DFEC1FB716EB00AFD6A5 /* AppDelegate.swift */; };
		00F7DFF21FB716EB00AFD6A5 /* Main.storyboard in Resources */ = {isa = PBXBuildFile; fileRef = 00F7DFF01FB716EB00AFD6A5 /* Main.storyboard */; };
		00F7DFF41FB716EB00AFD6A5 /* Assets.xcassets in Resources */ = {isa = PBXBuildFile; fileRef = 00F7DFF31FB716EB00AFD6A5 /* Assets.xcassets */; };
		00F7DFF71FB716EB00AFD6A5 /* LaunchScreen.storyboard in Resources */ = {isa = PBXBuildFile; fileRef = 00F7DFF51FB716EB00AFD6A5 /* LaunchScreen.storyboard */; };
		00F7E0021FB716EB00AFD6A5 /* SmackTests.swift in Sources */ = {isa = PBXBuildFile; fileRef = 00F7E0011FB716EB00AFD6A5 /* SmackTests.swift */; };
		00F7E00D1FB716EB00AFD6A5 /* SmackUITests.swift in Sources */ = {isa = PBXBuildFile; fileRef = 00F7E00C1FB716EB00AFD6A5 /* SmackUITests.swift */; };
		00F7E01E1FB7190300AFD6A5 /* SWRevealViewController.m in Sources */ = {isa = PBXBuildFile; fileRef = 00F7E01D1FB7190300AFD6A5 /* SWRevealViewController.m */; };
		00F7E0231FB71C0D00AFD6A5 /* ChatVC.swift in Sources */ = {isa = PBXBuildFile; fileRef = 00F7E0221FB71C0D00AFD6A5 /* ChatVC.swift */; };
		00F7E0251FB71C1C00AFD6A5 /* ChannelVC.swift in Sources */ = {isa = PBXBuildFile; fileRef = 00F7E0241FB71C1C00AFD6A5 /* ChannelVC.swift */; };
		00F7E0271FB7220B00AFD6A5 /* GradientView.swift in Sources */ = {isa = PBXBuildFile; fileRef = 00F7E0261FB7220B00AFD6A5 /* GradientView.swift */; };
		2C5C9464737B95243C34CE0C /* Pods_Smack.framework in Frameworks */ = {isa = PBXBuildFile; fileRef = 8E540E24132698A6C1D5C535 /* Pods_Smack.framework */; };
		4C817956263C564DA2F87125 /* Pods_SmackUITests.framework in Frameworks */ = {isa = PBXBuildFile; fileRef = 50454E0AA390CF3D55B5CB75 /* Pods_SmackUITests.framework */; };
		C1883CDAEF3BFC023E67EAA3 /* Pods_SmackTests.framework in Frameworks */ = {isa = PBXBuildFile; fileRef = 35E4AA6289BBFCBA00930CAC /* Pods_SmackTests.framework */; };
/* End PBXBuildFile section */

/* Begin PBXContainerItemProxy section */
		00F7DFFE1FB716EB00AFD6A5 /* PBXContainerItemProxy */ = {
			isa = PBXContainerItemProxy;
			containerPortal = 00F7DFE11FB716EB00AFD6A5 /* Project object */;
			proxyType = 1;
			remoteGlobalIDString = 00F7DFE81FB716EB00AFD6A5;
			remoteInfo = Smack;
		};
		00F7E0091FB716EB00AFD6A5 /* PBXContainerItemProxy */ = {
			isa = PBXContainerItemProxy;
			containerPortal = 00F7DFE11FB716EB00AFD6A5 /* Project object */;
			proxyType = 1;
			remoteGlobalIDString = 00F7DFE81FB716EB00AFD6A5;
			remoteInfo = Smack;
		};
/* End PBXContainerItemProxy section */

/* Begin PBXFileReference section */
		00F7DFE91FB716EB00AFD6A5 /* Smack.app */ = {isa = PBXFileReference; explicitFileType = wrapper.application; includeInIndex = 0; path = Smack.app; sourceTree = BUILT_PRODUCTS_DIR; };
		00F7DFEC1FB716EB00AFD6A5 /* AppDelegate.swift */ = {isa = PBXFileReference; lastKnownFileType = sourcecode.swift; path = AppDelegate.swift; sourceTree = "<group>"; };
		00F7DFF11FB716EB00AFD6A5 /* Base */ = {isa = PBXFileReference; lastKnownFileType = file.storyboard; name = Base; path = Base.lproj/Main.storyboard; sourceTree = "<group>"; };
		00F7DFF31FB716EB00AFD6A5 /* Assets.xcassets */ = {isa = PBXFileReference; lastKnownFileType = folder.assetcatalog; path = Assets.xcassets; sourceTree = "<group>"; };
		00F7DFF61FB716EB00AFD6A5 /* Base */ = {isa = PBXFileReference; lastKnownFileType = file.storyboard; name = Base; path = Base.lproj/LaunchScreen.storyboard; sourceTree = "<group>"; };
		00F7DFF81FB716EB00AFD6A5 /* Info.plist */ = {isa = PBXFileReference; lastKnownFileType = text.plist.xml; path = Info.plist; sourceTree = "<group>"; };
		00F7DFFD1FB716EB00AFD6A5 /* SmackTests.xctest */ = {isa = PBXFileReference; explicitFileType = wrapper.cfbundle; includeInIndex = 0; path = SmackTests.xctest; sourceTree = BUILT_PRODUCTS_DIR; };
		00F7E0011FB716EB00AFD6A5 /* SmackTests.swift */ = {isa = PBXFileReference; lastKnownFileType = sourcecode.swift; path = SmackTests.swift; sourceTree = "<group>"; };
		00F7E0031FB716EB00AFD6A5 /* Info.plist */ = {isa = PBXFileReference; lastKnownFileType = text.plist.xml; path = Info.plist; sourceTree = "<group>"; };
		00F7E0081FB716EB00AFD6A5 /* SmackUITests.xctest */ = {isa = PBXFileReference; explicitFileType = wrapper.cfbundle; includeInIndex = 0; path = SmackUITests.xctest; sourceTree = BUILT_PRODUCTS_DIR; };
		00F7E00C1FB716EB00AFD6A5 /* SmackUITests.swift */ = {isa = PBXFileReference; lastKnownFileType = sourcecode.swift; path = SmackUITests.swift; sourceTree = "<group>"; };
		00F7E00E1FB716EB00AFD6A5 /* Info.plist */ = {isa = PBXFileReference; lastKnownFileType = text.plist.xml; path = Info.plist; sourceTree = "<group>"; };
		00F7E01B1FB7190200AFD6A5 /* Smack-Bridging-Header.h */ = {isa = PBXFileReference; lastKnownFileType = sourcecode.c.h; path = "Smack-Bridging-Header.h"; sourceTree = "<group>"; };
		00F7E01C1FB7190300AFD6A5 /* SWRevealViewController.h */ = {isa = PBXFileReference; fileEncoding = 4; lastKnownFileType = sourcecode.c.h; path = SWRevealViewController.h; sourceTree = "<group>"; };
		00F7E01D1FB7190300AFD6A5 /* SWRevealViewController.m */ = {isa = PBXFileReference; fileEncoding = 4; lastKnownFileType = sourcecode.c.objc; path = SWRevealViewController.m; sourceTree = "<group>"; };
		00F7E0221FB71C0D00AFD6A5 /* ChatVC.swift */ = {isa = PBXFileReference; lastKnownFileType = sourcecode.swift; path = ChatVC.swift; sourceTree = "<group>"; };
		00F7E0241FB71C1C00AFD6A5 /* ChannelVC.swift */ = {isa = PBXFileReference; lastKnownFileType = sourcecode.swift; path = ChannelVC.swift; sourceTree = "<group>"; };
		00F7E0261FB7220B00AFD6A5 /* GradientView.swift */ = {isa = PBXFileReference; lastKnownFileType = sourcecode.swift; path = GradientView.swift; sourceTree = "<group>"; };
		1C05268FA74ED486464120C4 /* Pods-SmackTests.debug.xcconfig */ = {isa = PBXFileReference; includeInIndex = 1; lastKnownFileType = text.xcconfig; name = "Pods-SmackTests.debug.xcconfig"; path = "Pods/Target Support Files/Pods-SmackTests/Pods-SmackTests.debug.xcconfig"; sourceTree = "<group>"; };
		35E4AA6289BBFCBA00930CAC /* Pods_SmackTests.framework */ = {isa = PBXFileReference; explicitFileType = wrapper.framework; includeInIndex = 0; path = Pods_SmackTests.framework; sourceTree = BUILT_PRODUCTS_DIR; };
		50454E0AA390CF3D55B5CB75 /* Pods_SmackUITests.framework */ = {isa = PBXFileReference; explicitFileType = wrapper.framework; includeInIndex = 0; path = Pods_SmackUITests.framework; sourceTree = BUILT_PRODUCTS_DIR; };
		63F39B7A6755C3710ECAF3B7 /* Pods-SmackTests.release.xcconfig */ = {isa = PBXFileReference; includeInIndex = 1; lastKnownFileType = text.xcconfig; name = "Pods-SmackTests.release.xcconfig"; path = "Pods/Target Support Files/Pods-SmackTests/Pods-SmackTests.release.xcconfig"; sourceTree = "<group>"; };
		688A2FF323808A060D197D06 /* Pods-Smack.release.xcconfig */ = {isa = PBXFileReference; includeInIndex = 1; lastKnownFileType = text.xcconfig; name = "Pods-Smack.release.xcconfig"; path = "Pods/Target Support Files/Pods-Smack/Pods-Smack.release.xcconfig"; sourceTree = "<group>"; };
		6E52EACC3AD96B462C8FD9C0 /* Pods-Smack.debug.xcconfig */ = {isa = PBXFileReference; includeInIndex = 1; lastKnownFileType = text.xcconfig; name = "Pods-Smack.debug.xcconfig"; path = "Pods/Target Support Files/Pods-Smack/Pods-Smack.debug.xcconfig"; sourceTree = "<group>"; };
		78EF04B8EA1985D1FA4048AD /* Pods-SmackUITests.release.xcconfig */ = {isa = PBXFileReference; includeInIndex = 1; lastKnownFileType = text.xcconfig; name = "Pods-SmackUITests.release.xcconfig"; path = "Pods/Target Support Files/Pods-SmackUITests/Pods-SmackUITests.release.xcconfig"; sourceTree = "<group>"; };
		8E540E24132698A6C1D5C535 /* Pods_Smack.framework */ = {isa = PBXFileReference; explicitFileType = wrapper.framework; includeInIndex = 0; path = Pods_Smack.framework; sourceTree = BUILT_PRODUCTS_DIR; };
		E90A20B415649C7CD7A22687 /* Pods-SmackUITests.debug.xcconfig */ = {isa = PBXFileReference; includeInIndex = 1; lastKnownFileType = text.xcconfig; name = "Pods-SmackUITests.debug.xcconfig"; path = "Pods/Target Support Files/Pods-SmackUITests/Pods-SmackUITests.debug.xcconfig"; sourceTree = "<group>"; };
/* End PBXFileReference section */

/* Begin PBXFrameworksBuildPhase section */
		00F7DFE61FB716EB00AFD6A5 /* Frameworks */ = {
			isa = PBXFrameworksBuildPhase;
			buildActionMask = 2147483647;
			files = (
				2C5C9464737B95243C34CE0C /* Pods_Smack.framework in Frameworks */,
			);
			runOnlyForDeploymentPostprocessing = 0;
		};
		00F7DFFA1FB716EB00AFD6A5 /* Frameworks */ = {
			isa = PBXFrameworksBuildPhase;
			buildActionMask = 2147483647;
			files = (
				C1883CDAEF3BFC023E67EAA3 /* Pods_SmackTests.framework in Frameworks */,
			);
			runOnlyForDeploymentPostprocessing = 0;
		};
		00F7E0051FB716EB00AFD6A5 /* Frameworks */ = {
			isa = PBXFrameworksBuildPhase;
			buildActionMask = 2147483647;
			files = (
				4C817956263C564DA2F87125 /* Pods_SmackUITests.framework in Frameworks */,
			);
			runOnlyForDeploymentPostprocessing = 0;
		};
/* End PBXFrameworksBuildPhase section */

/* Begin PBXGroup section */
		00F7DFE01FB716EB00AFD6A5 = {
			isa = PBXGroup;
			children = (
				00F7DFEB1FB716EB00AFD6A5 /* Smack */,
				00F7E0001FB716EB00AFD6A5 /* SmackTests */,
				00F7E00B1FB716EB00AFD6A5 /* SmackUITests */,
				00F7DFEA1FB716EB00AFD6A5 /* Products */,
				516D1AE3A06BBA9B12A12A71 /* Pods */,
				99E51EF99B2DAD50B1AC4E82 /* Frameworks */,
			);
			sourceTree = "<group>";
		};
		00F7DFEA1FB716EB00AFD6A5 /* Products */ = {
			isa = PBXGroup;
			children = (
				00F7DFE91FB716EB00AFD6A5 /* Smack.app */,
				00F7DFFD1FB716EB00AFD6A5 /* SmackTests.xctest */,
				00F7E0081FB716EB00AFD6A5 /* SmackUITests.xctest */,
			);
			name = Products;
			sourceTree = "<group>";
		};
		00F7DFEB1FB716EB00AFD6A5 /* Smack */ = {
			isa = PBXGroup;
			children = (
				00F7E0211FB71BEA00AFD6A5 /* Model */,
				00F7E0201FB71BE400AFD6A5 /* View */,
				00F7E01F1FB71BDE00AFD6A5 /* Controller */,
				00F7E01A1FB718D700AFD6A5 /* Supporting Files */,
				00F7DFEC1FB716EB00AFD6A5 /* AppDelegate.swift */,
				00F7DFF01FB716EB00AFD6A5 /* Main.storyboard */,
				00F7DFF31FB716EB00AFD6A5 /* Assets.xcassets */,
				00F7DFF51FB716EB00AFD6A5 /* LaunchScreen.storyboard */,
				00F7DFF81FB716EB00AFD6A5 /* Info.plist */,
			);
			path = Smack;
			sourceTree = "<group>";
		};
		00F7E0001FB716EB00AFD6A5 /* SmackTests */ = {
			isa = PBXGroup;
			children = (
				00F7E0011FB716EB00AFD6A5 /* SmackTests.swift */,
				00F7E0031FB716EB00AFD6A5 /* Info.plist */,
			);
			path = SmackTests;
			sourceTree = "<group>";
		};
		00F7E00B1FB716EB00AFD6A5 /* SmackUITests */ = {
			isa = PBXGroup;
			children = (
				00F7E00C1FB716EB00AFD6A5 /* SmackUITests.swift */,
				00F7E00E1FB716EB00AFD6A5 /* Info.plist */,
			);
			path = SmackUITests;
			sourceTree = "<group>";
		};
		00F7E01A1FB718D700AFD6A5 /* Supporting Files */ = {
			isa = PBXGroup;
			children = (
				00F7E01C1FB7190300AFD6A5 /* SWRevealViewController.h */,
				00F7E01D1FB7190300AFD6A5 /* SWRevealViewController.m */,
				00F7E01B1FB7190200AFD6A5 /* Smack-Bridging-Header.h */,
			);
			path = "Supporting Files";
			sourceTree = "<group>";
		};
		00F7E01F1FB71BDE00AFD6A5 /* Controller */ = {
			isa = PBXGroup;
			children = (
				00F7E0221FB71C0D00AFD6A5 /* ChatVC.swift */,
				00F7E0241FB71C1C00AFD6A5 /* ChannelVC.swift */,
			);
			path = Controller;
			sourceTree = "<group>";
		};
		00F7E0201FB71BE400AFD6A5 /* View */ = {
			isa = PBXGroup;
			children = (
				00F7E0261FB7220B00AFD6A5 /* GradientView.swift */,
			);
			path = View;
			sourceTree = "<group>";
		};
		00F7E0211FB71BEA00AFD6A5 /* Model */ = {
			isa = PBXGroup;
			children = (
			);
			path = Model;
			sourceTree = "<group>";
		};
		516D1AE3A06BBA9B12A12A71 /* Pods */ = {
			isa = PBXGroup;
			children = (
				6E52EACC3AD96B462C8FD9C0 /* Pods-Smack.debug.xcconfig */,
				688A2FF323808A060D197D06 /* Pods-Smack.release.xcconfig */,
				1C05268FA74ED486464120C4 /* Pods-SmackTests.debug.xcconfig */,
				63F39B7A6755C3710ECAF3B7 /* Pods-SmackTests.release.xcconfig */,
				E90A20B415649C7CD7A22687 /* Pods-SmackUITests.debug.xcconfig */,
				78EF04B8EA1985D1FA4048AD /* Pods-SmackUITests.release.xcconfig */,
			);
			name = Pods;
			sourceTree = "<group>";
		};
		99E51EF99B2DAD50B1AC4E82 /* Frameworks */ = {
			isa = PBXGroup;
			children = (
				8E540E24132698A6C1D5C535 /* Pods_Smack.framework */,
				35E4AA6289BBFCBA00930CAC /* Pods_SmackTests.framework */,
				50454E0AA390CF3D55B5CB75 /* Pods_SmackUITests.framework */,
			);
			name = Frameworks;
			sourceTree = "<group>";
		};
/* End PBXGroup section */

/* Begin PBXNativeTarget section */
		00F7DFE81FB716EB00AFD6A5 /* Smack */ = {
			isa = PBXNativeTarget;
			buildConfigurationList = 00F7E0111FB716EB00AFD6A5 /* Build configuration list for PBXNativeTarget "Smack" */;
			buildPhases = (
				D4458C9A6433EBDAD4849658 /* [CP] Check Pods Manifest.lock */,
				00F7DFE51FB716EB00AFD6A5 /* Sources */,
				00F7DFE61FB716EB00AFD6A5 /* Frameworks */,
				00F7DFE71FB716EB00AFD6A5 /* Resources */,
				B3945F777BF0D25874000D0C /* [CP] Embed Pods Frameworks */,
				F20D20BB9AB3BF78BED4796E /* [CP] Copy Pods Resources */,
			);
			buildRules = (
			);
			dependencies = (
			);
			name = Smack;
			productName = Smack;
			productReference = 00F7DFE91FB716EB00AFD6A5 /* Smack.app */;
			productType = "com.apple.product-type.application";
		};
		00F7DFFC1FB716EB00AFD6A5 /* SmackTests */ = {
			isa = PBXNativeTarget;
			buildConfigurationList = 00F7E0141FB716EB00AFD6A5 /* Build configuration list for PBXNativeTarget "SmackTests" */;
			buildPhases = (
				32B65A0A6BFF219AC699DDD8 /* [CP] Check Pods Manifest.lock */,
				00F7DFF91FB716EB00AFD6A5 /* Sources */,
				00F7DFFA1FB716EB00AFD6A5 /* Frameworks */,
				00F7DFFB1FB716EB00AFD6A5 /* Resources */,
				315F5B60153E1D994135F22A /* [CP] Embed Pods Frameworks */,
				AF39EBE117B3B88523B95C2C /* [CP] Copy Pods Resources */,
			);
			buildRules = (
			);
			dependencies = (
				00F7DFFF1FB716EB00AFD6A5 /* PBXTargetDependency */,
			);
			name = SmackTests;
			productName = SmackTests;
			productReference = 00F7DFFD1FB716EB00AFD6A5 /* SmackTests.xctest */;
			productType = "com.apple.product-type.bundle.unit-test";
		};
		00F7E0071FB716EB00AFD6A5 /* SmackUITests */ = {
			isa = PBXNativeTarget;
			buildConfigurationList = 00F7E0171FB716EB00AFD6A5 /* Build configuration list for PBXNativeTarget "SmackUITests" */;
			buildPhases = (
				0E43E21335BDF61F5A24E68F /* [CP] Check Pods Manifest.lock */,
				00F7E0041FB716EB00AFD6A5 /* Sources */,
				00F7E0051FB716EB00AFD6A5 /* Frameworks */,
				00F7E0061FB716EB00AFD6A5 /* Resources */,
				AA051D3FC8087F50CC09EBCC /* [CP] Embed Pods Frameworks */,
				D2F36244DA546A46EDB48A1F /* [CP] Copy Pods Resources */,
			);
			buildRules = (
			);
			dependencies = (
				00F7E00A1FB716EB00AFD6A5 /* PBXTargetDependency */,
			);
			name = SmackUITests;
			productName = SmackUITests;
			productReference = 00F7E0081FB716EB00AFD6A5 /* SmackUITests.xctest */;
			productType = "com.apple.product-type.bundle.ui-testing";
		};
/* End PBXNativeTarget section */

/* Begin PBXProject section */
		00F7DFE11FB716EB00AFD6A5 /* Project object */ = {
			isa = PBXProject;
			attributes = {
				LastSwiftUpdateCheck = 0910;
				LastUpgradeCheck = 0910;
				ORGANIZATIONNAME = "Iain Coleman";
				TargetAttributes = {
					00F7DFE81FB716EB00AFD6A5 = {
						CreatedOnToolsVersion = 9.1;
						LastSwiftMigration = 0910;
						ProvisioningStyle = Automatic;
					};
					00F7DFFC1FB716EB00AFD6A5 = {
						CreatedOnToolsVersion = 9.1;
						ProvisioningStyle = Automatic;
						TestTargetID = 00F7DFE81FB716EB00AFD6A5;
					};
					00F7E0071FB716EB00AFD6A5 = {
						CreatedOnToolsVersion = 9.1;
						ProvisioningStyle = Automatic;
						TestTargetID = 00F7DFE81FB716EB00AFD6A5;
					};
				};
			};
			buildConfigurationList = 00F7DFE41FB716EB00AFD6A5 /* Build configuration list for PBXProject "Smack" */;
			compatibilityVersion = "Xcode 8.0";
			developmentRegion = en;
			hasScannedForEncodings = 0;
			knownRegions = (
				en,
				Base,
			);
			mainGroup = 00F7DFE01FB716EB00AFD6A5;
			productRefGroup = 00F7DFEA1FB716EB00AFD6A5 /* Products */;
			projectDirPath = "";
			projectRoot = "";
			targets = (
				00F7DFE81FB716EB00AFD6A5 /* Smack */,
				00F7DFFC1FB716EB00AFD6A5 /* SmackTests */,
				00F7E0071FB716EB00AFD6A5 /* SmackUITests */,
			);
		};
/* End PBXProject section */

/* Begin PBXResourcesBuildPhase section */
		00F7DFE71FB716EB00AFD6A5 /* Resources */ = {
			isa = PBXResourcesBuildPhase;
			buildActionMask = 2147483647;
			files = (
				00F7DFF71FB716EB00AFD6A5 /* LaunchScreen.storyboard in Resources */,
				00F7DFF41FB716EB00AFD6A5 /* Assets.xcassets in Resources */,
				00F7DFF21FB716EB00AFD6A5 /* Main.storyboard in Resources */,
			);
			runOnlyForDeploymentPostprocessing = 0;
		};
		00F7DFFB1FB716EB00AFD6A5 /* Resources */ = {
			isa = PBXResourcesBuildPhase;
			buildActionMask = 2147483647;
			files = (
			);
			runOnlyForDeploymentPostprocessing = 0;
		};
		00F7E0061FB716EB00AFD6A5 /* Resources */ = {
			isa = PBXResourcesBuildPhase;
			buildActionMask = 2147483647;
			files = (
			);
			runOnlyForDeploymentPostprocessing = 0;
		};
/* End PBXResourcesBuildPhase section */

/* Begin PBXShellScriptBuildPhase section */
		0E43E21335BDF61F5A24E68F /* [CP] Check Pods Manifest.lock */ = {
			isa = PBXShellScriptBuildPhase;
			buildActionMask = 2147483647;
			files = (
			);
			inputPaths = (
			);
			name = "[CP] Check Pods Manifest.lock";
			outputPaths = (
			);
			runOnlyForDeploymentPostprocessing = 0;
			shellPath = /bin/sh;
			shellScript = "diff \"${PODS_ROOT}/../Podfile.lock\" \"${PODS_ROOT}/Manifest.lock\" > /dev/null\nif [ $? != 0 ] ; then\n    # print error to STDERR\n    echo \"error: The sandbox is not in sync with the Podfile.lock. Run 'pod install' or update your CocoaPods installation.\" >&2\n    exit 1\nfi\n";
			showEnvVarsInLog = 0;
		};
		315F5B60153E1D994135F22A /* [CP] Embed Pods Frameworks */ = {
			isa = PBXShellScriptBuildPhase;
			buildActionMask = 2147483647;
			files = (
			);
			inputPaths = (
			);
			name = "[CP] Embed Pods Frameworks";
			outputPaths = (
			);
			runOnlyForDeploymentPostprocessing = 0;
			shellPath = /bin/sh;
			shellScript = "\"${SRCROOT}/Pods/Target Support Files/Pods-SmackTests/Pods-SmackTests-frameworks.sh\"\n";
			showEnvVarsInLog = 0;
		};
		32B65A0A6BFF219AC699DDD8 /* [CP] Check Pods Manifest.lock */ = {
			isa = PBXShellScriptBuildPhase;
			buildActionMask = 2147483647;
			files = (
			);
			inputPaths = (
			);
			name = "[CP] Check Pods Manifest.lock";
			outputPaths = (
			);
			runOnlyForDeploymentPostprocessing = 0;
			shellPath = /bin/sh;
			shellScript = "diff \"${PODS_ROOT}/../Podfile.lock\" \"${PODS_ROOT}/Manifest.lock\" > /dev/null\nif [ $? != 0 ] ; then\n    # print error to STDERR\n    echo \"error: The sandbox is not in sync with the Podfile.lock. Run 'pod install' or update your CocoaPods installation.\" >&2\n    exit 1\nfi\n";
			showEnvVarsInLog = 0;
		};
		AA051D3FC8087F50CC09EBCC /* [CP] Embed Pods Frameworks */ = {
			isa = PBXShellScriptBuildPhase;
			buildActionMask = 2147483647;
			files = (
			);
			inputPaths = (
			);
			name = "[CP] Embed Pods Frameworks";
			outputPaths = (
			);
			runOnlyForDeploymentPostprocessing = 0;
			shellPath = /bin/sh;
			shellScript = "\"${SRCROOT}/Pods/Target Support Files/Pods-SmackUITests/Pods-SmackUITests-frameworks.sh\"\n";
			showEnvVarsInLog = 0;
		};
		AF39EBE117B3B88523B95C2C /* [CP] Copy Pods Resources */ = {
			isa = PBXShellScriptBuildPhase;
			buildActionMask = 2147483647;
			files = (
			);
			inputPaths = (
			);
			name = "[CP] Copy Pods Resources";
			outputPaths = (
			);
			runOnlyForDeploymentPostprocessing = 0;
			shellPath = /bin/sh;
			shellScript = "\"${SRCROOT}/Pods/Target Support Files/Pods-SmackTests/Pods-SmackTests-resources.sh\"\n";
			showEnvVarsInLog = 0;
		};
		B3945F777BF0D25874000D0C /* [CP] Embed Pods Frameworks */ = {
			isa = PBXShellScriptBuildPhase;
			buildActionMask = 2147483647;
			files = (
			);
			inputPaths = (
			);
			name = "[CP] Embed Pods Frameworks";
			outputPaths = (
			);
			runOnlyForDeploymentPostprocessing = 0;
			shellPath = /bin/sh;
			shellScript = "\"${SRCROOT}/Pods/Target Support Files/Pods-Smack/Pods-Smack-frameworks.sh\"\n";
			showEnvVarsInLog = 0;
		};
		D2F36244DA546A46EDB48A1F /* [CP] Copy Pods Resources */ = {
			isa = PBXShellScriptBuildPhase;
			buildActionMask = 2147483647;
			files = (
			);
			inputPaths = (
			);
			name = "[CP] Copy Pods Resources";
			outputPaths = (
			);
			runOnlyForDeploymentPostprocessing = 0;
			shellPath = /bin/sh;
			shellScript = "\"${SRCROOT}/Pods/Target Support Files/Pods-SmackUITests/Pods-SmackUITests-resources.sh\"\n";
			showEnvVarsInLog = 0;
		};
		D4458C9A6433EBDAD4849658 /* [CP] Check Pods Manifest.lock */ = {
			isa = PBXShellScriptBuildPhase;
			buildActionMask = 2147483647;
			files = (
			);
			inputPaths = (
			);
			name = "[CP] Check Pods Manifest.lock";
			outputPaths = (
			);
			runOnlyForDeploymentPostprocessing = 0;
			shellPath = /bin/sh;
			shellScript = "diff \"${PODS_ROOT}/../Podfile.lock\" \"${PODS_ROOT}/Manifest.lock\" > /dev/null\nif [ $? != 0 ] ; then\n    # print error to STDERR\n    echo \"error: The sandbox is not in sync with the Podfile.lock. Run 'pod install' or update your CocoaPods installation.\" >&2\n    exit 1\nfi\n";
			showEnvVarsInLog = 0;
		};
		F20D20BB9AB3BF78BED4796E /* [CP] Copy Pods Resources */ = {
			isa = PBXShellScriptBuildPhase;
			buildActionMask = 2147483647;
			files = (
			);
			inputPaths = (
			);
			name = "[CP] Copy Pods Resources";
			outputPaths = (
			);
			runOnlyForDeploymentPostprocessing = 0;
			shellPath = /bin/sh;
			shellScript = "\"${SRCROOT}/Pods/Target Support Files/Pods-Smack/Pods-Smack-resources.sh\"\n";
			showEnvVarsInLog = 0;
		};
/* End PBXShellScriptBuildPhase section */

/* Begin PBXSourcesBuildPhase section */
		00F7DFE51FB716EB00AFD6A5 /* Sources */ = {
			isa = PBXSourcesBuildPhase;
			buildActionMask = 2147483647;
			files = (
				00F7E0251FB71C1C00AFD6A5 /* ChannelVC.swift in Sources */,
				00F7E0231FB71C0D00AFD6A5 /* ChatVC.swift in Sources */,
				00F7E0271FB7220B00AFD6A5 /* GradientView.swift in Sources */,
				00F7DFED1FB716EB00AFD6A5 /* AppDelegate.swift in Sources */,
				00F7E01E1FB7190300AFD6A5 /* SWRevealViewController.m in Sources */,
			);
			runOnlyForDeploymentPostprocessing = 0;
		};
		00F7DFF91FB716EB00AFD6A5 /* Sources */ = {
			isa = PBXSourcesBuildPhase;
			buildActionMask = 2147483647;
			files = (
				00F7E0021FB716EB00AFD6A5 /* SmackTests.swift in Sources */,
			);
			runOnlyForDeploymentPostprocessing = 0;
		};
		00F7E0041FB716EB00AFD6A5 /* Sources */ = {
			isa = PBXSourcesBuildPhase;
			buildActionMask = 2147483647;
			files = (
				00F7E00D1FB716EB00AFD6A5 /* SmackUITests.swift in Sources */,
			);
			runOnlyForDeploymentPostprocessing = 0;
		};
/* End PBXSourcesBuildPhase section */

/* Begin PBXTargetDependency section */
		00F7DFFF1FB716EB00AFD6A5 /* PBXTargetDependency */ = {
			isa = PBXTargetDependency;
			target = 00F7DFE81FB716EB00AFD6A5 /* Smack */;
			targetProxy = 00F7DFFE1FB716EB00AFD6A5 /* PBXContainerItemProxy */;
		};
		00F7E00A1FB716EB00AFD6A5 /* PBXTargetDependency */ = {
			isa = PBXTargetDependency;
			target = 00F7DFE81FB716EB00AFD6A5 /* Smack */;
			targetProxy = 00F7E0091FB716EB00AFD6A5 /* PBXContainerItemProxy */;
		};
/* End PBXTargetDependency section */

/* Begin PBXVariantGroup section */
		00F7DFF01FB716EB00AFD6A5 /* Main.storyboard */ = {
			isa = PBXVariantGroup;
			children = (
				00F7DFF11FB716EB00AFD6A5 /* Base */,
			);
			name = Main.storyboard;
			sourceTree = "<group>";
		};
		00F7DFF51FB716EB00AFD6A5 /* LaunchScreen.storyboard */ = {
			isa = PBXVariantGroup;
			children = (
				00F7DFF61FB716EB00AFD6A5 /* Base */,
			);
			name = LaunchScreen.storyboard;
			sourceTree = "<group>";
		};
/* End PBXVariantGroup section */

/* Begin XCBuildConfiguration section */
		00F7E00F1FB716EB00AFD6A5 /* Debug */ = {
			isa = XCBuildConfiguration;
			buildSettings = {
				ALWAYS_SEARCH_USER_PATHS = NO;
				CLANG_ANALYZER_NONNULL = YES;
				CLANG_ANALYZER_NUMBER_OBJECT_CONVERSION = YES_AGGRESSIVE;
				CLANG_CXX_LANGUAGE_STANDARD = "gnu++14";
				CLANG_CXX_LIBRARY = "libc++";
				CLANG_ENABLE_MODULES = YES;
				CLANG_ENABLE_OBJC_ARC = YES;
				CLANG_WARN_BLOCK_CAPTURE_AUTORELEASING = YES;
				CLANG_WARN_BOOL_CONVERSION = YES;
				CLANG_WARN_COMMA = YES;
				CLANG_WARN_CONSTANT_CONVERSION = YES;
				CLANG_WARN_DIRECT_OBJC_ISA_USAGE = YES_ERROR;
				CLANG_WARN_DOCUMENTATION_COMMENTS = YES;
				CLANG_WARN_EMPTY_BODY = YES;
				CLANG_WARN_ENUM_CONVERSION = YES;
				CLANG_WARN_INFINITE_RECURSION = YES;
				CLANG_WARN_INT_CONVERSION = YES;
				CLANG_WARN_NON_LITERAL_NULL_CONVERSION = YES;
				CLANG_WARN_OBJC_LITERAL_CONVERSION = YES;
				CLANG_WARN_OBJC_ROOT_CLASS = YES_ERROR;
				CLANG_WARN_RANGE_LOOP_ANALYSIS = YES;
				CLANG_WARN_STRICT_PROTOTYPES = YES;
				CLANG_WARN_SUSPICIOUS_MOVE = YES;
				CLANG_WARN_UNGUARDED_AVAILABILITY = YES_AGGRESSIVE;
				CLANG_WARN_UNREACHABLE_CODE = YES;
				CLANG_WARN__DUPLICATE_METHOD_MATCH = YES;
				CODE_SIGN_IDENTITY = "iPhone Developer";
				COPY_PHASE_STRIP = NO;
				DEBUG_INFORMATION_FORMAT = dwarf;
				ENABLE_STRICT_OBJC_MSGSEND = YES;
				ENABLE_TESTABILITY = YES;
				GCC_C_LANGUAGE_STANDARD = gnu11;
				GCC_DYNAMIC_NO_PIC = NO;
				GCC_NO_COMMON_BLOCKS = YES;
				GCC_OPTIMIZATION_LEVEL = 0;
				GCC_PREPROCESSOR_DEFINITIONS = (
					"DEBUG=1",
					"$(inherited)",
				);
				GCC_WARN_64_TO_32_BIT_CONVERSION = YES;
				GCC_WARN_ABOUT_RETURN_TYPE = YES_ERROR;
				GCC_WARN_UNDECLARED_SELECTOR = YES;
				GCC_WARN_UNINITIALIZED_AUTOS = YES_AGGRESSIVE;
				GCC_WARN_UNUSED_FUNCTION = YES;
				GCC_WARN_UNUSED_VARIABLE = YES;
				IPHONEOS_DEPLOYMENT_TARGET = 11.1;
				MTL_ENABLE_DEBUG_INFO = YES;
				ONLY_ACTIVE_ARCH = YES;
				SDKROOT = iphoneos;
				SWIFT_ACTIVE_COMPILATION_CONDITIONS = DEBUG;
				SWIFT_OPTIMIZATION_LEVEL = "-Onone";
			};
			name = Debug;
		};
		00F7E0101FB716EB00AFD6A5 /* Release */ = {
			isa = XCBuildConfiguration;
			buildSettings = {
				ALWAYS_SEARCH_USER_PATHS = NO;
				CLANG_ANALYZER_NONNULL = YES;
				CLANG_ANALYZER_NUMBER_OBJECT_CONVERSION = YES_AGGRESSIVE;
				CLANG_CXX_LANGUAGE_STANDARD = "gnu++14";
				CLANG_CXX_LIBRARY = "libc++";
				CLANG_ENABLE_MODULES = YES;
				CLANG_ENABLE_OBJC_ARC = YES;
				CLANG_WARN_BLOCK_CAPTURE_AUTORELEASING = YES;
				CLANG_WARN_BOOL_CONVERSION = YES;
				CLANG_WARN_COMMA = YES;
				CLANG_WARN_CONSTANT_CONVERSION = YES;
				CLANG_WARN_DIRECT_OBJC_ISA_USAGE = YES_ERROR;
				CLANG_WARN_DOCUMENTATION_COMMENTS = YES;
				CLANG_WARN_EMPTY_BODY = YES;
				CLANG_WARN_ENUM_CONVERSION = YES;
				CLANG_WARN_INFINITE_RECURSION = YES;
				CLANG_WARN_INT_CONVERSION = YES;
				CLANG_WARN_NON_LITERAL_NULL_CONVERSION = YES;
				CLANG_WARN_OBJC_LITERAL_CONVERSION = YES;
				CLANG_WARN_OBJC_ROOT_CLASS = YES_ERROR;
				CLANG_WARN_RANGE_LOOP_ANALYSIS = YES;
				CLANG_WARN_STRICT_PROTOTYPES = YES;
				CLANG_WARN_SUSPICIOUS_MOVE = YES;
				CLANG_WARN_UNGUARDED_AVAILABILITY = YES_AGGRESSIVE;
				CLANG_WARN_UNREACHABLE_CODE = YES;
				CLANG_WARN__DUPLICATE_METHOD_MATCH = YES;
				CODE_SIGN_IDENTITY = "iPhone Developer";
				COPY_PHASE_STRIP = NO;
				DEBUG_INFORMATION_FORMAT = "dwarf-with-dsym";
				ENABLE_NS_ASSERTIONS = NO;
				ENABLE_STRICT_OBJC_MSGSEND = YES;
				GCC_C_LANGUAGE_STANDARD = gnu11;
				GCC_NO_COMMON_BLOCKS = YES;
				GCC_WARN_64_TO_32_BIT_CONVERSION = YES;
				GCC_WARN_ABOUT_RETURN_TYPE = YES_ERROR;
				GCC_WARN_UNDECLARED_SELECTOR = YES;
				GCC_WARN_UNINITIALIZED_AUTOS = YES_AGGRESSIVE;
				GCC_WARN_UNUSED_FUNCTION = YES;
				GCC_WARN_UNUSED_VARIABLE = YES;
				IPHONEOS_DEPLOYMENT_TARGET = 11.1;
				MTL_ENABLE_DEBUG_INFO = NO;
				SDKROOT = iphoneos;
				SWIFT_OPTIMIZATION_LEVEL = "-Owholemodule";
				VALIDATE_PRODUCT = YES;
			};
			name = Release;
		};
		00F7E0121FB716EB00AFD6A5 /* Debug */ = {
			isa = XCBuildConfiguration;
			baseConfigurationReference = 6E52EACC3AD96B462C8FD9C0 /* Pods-Smack.debug.xcconfig */;
			buildSettings = {
				ASSETCATALOG_COMPILER_APPICON_NAME = AppIcon;
				CLANG_ENABLE_MODULES = YES;
				CODE_SIGN_STYLE = Automatic;
				DEVELOPMENT_TEAM = 9GNF787574;
				INFOPLIST_FILE = Smack/Info.plist;
				LD_RUNPATH_SEARCH_PATHS = "$(inherited) @executable_path/Frameworks";
				PRODUCT_BUNDLE_IDENTIFIER = com.fiendishcorporation.Smack;
				PRODUCT_NAME = "$(TARGET_NAME)";
				SWIFT_OBJC_BRIDGING_HEADER = "Smack/Supporting Files/Smack-Bridging-Header.h";
				SWIFT_OPTIMIZATION_LEVEL = "-Onone";
				SWIFT_VERSION = 4.0;
				TARGETED_DEVICE_FAMILY = "1,2";
			};
			name = Debug;
		};
		00F7E0131FB716EB00AFD6A5 /* Release */ = {
			isa = XCBuildConfiguration;
			baseConfigurationReference = 688A2FF323808A060D197D06 /* Pods-Smack.release.xcconfig */;
			buildSettings = {
				ASSETCATALOG_COMPILER_APPICON_NAME = AppIcon;
				CLANG_ENABLE_MODULES = YES;
				CODE_SIGN_STYLE = Automatic;
				DEVELOPMENT_TEAM = 9GNF787574;
				INFOPLIST_FILE = Smack/Info.plist;
				LD_RUNPATH_SEARCH_PATHS = "$(inherited) @executable_path/Frameworks";
				PRODUCT_BUNDLE_IDENTIFIER = com.fiendishcorporation.Smack;
				PRODUCT_NAME = "$(TARGET_NAME)";
				SWIFT_OBJC_BRIDGING_HEADER = "Smack/Supporting Files/Smack-Bridging-Header.h";
				SWIFT_VERSION = 4.0;
				TARGETED_DEVICE_FAMILY = "1,2";
			};
			name = Release;
		};
		00F7E0151FB716EB00AFD6A5 /* Debug */ = {
			isa = XCBuildConfiguration;
			baseConfigurationReference = 1C05268FA74ED486464120C4 /* Pods-SmackTests.debug.xcconfig */;
			buildSettings = {
				ALWAYS_EMBED_SWIFT_STANDARD_LIBRARIES = YES;
				BUNDLE_LOADER = "$(TEST_HOST)";
				CODE_SIGN_STYLE = Automatic;
				DEVELOPMENT_TEAM = 9GNF787574;
				INFOPLIST_FILE = SmackTests/Info.plist;
				LD_RUNPATH_SEARCH_PATHS = "$(inherited) @executable_path/Frameworks @loader_path/Frameworks";
				PRODUCT_BUNDLE_IDENTIFIER = com.fiendishcorporation.SmackTests;
				PRODUCT_NAME = "$(TARGET_NAME)";
				SWIFT_VERSION = 4.0;
				TARGETED_DEVICE_FAMILY = "1,2";
				TEST_HOST = "$(BUILT_PRODUCTS_DIR)/Smack.app/Smack";
			};
			name = Debug;
		};
		00F7E0161FB716EB00AFD6A5 /* Release */ = {
			isa = XCBuildConfiguration;
			baseConfigurationReference = 63F39B7A6755C3710ECAF3B7 /* Pods-SmackTests.release.xcconfig */;
			buildSettings = {
				ALWAYS_EMBED_SWIFT_STANDARD_LIBRARIES = YES;
				BUNDLE_LOADER = "$(TEST_HOST)";
				CODE_SIGN_STYLE = Automatic;
				DEVELOPMENT_TEAM = 9GNF787574;
				INFOPLIST_FILE = SmackTests/Info.plist;
				LD_RUNPATH_SEARCH_PATHS = "$(inherited) @executable_path/Frameworks @loader_path/Frameworks";
				PRODUCT_BUNDLE_IDENTIFIER = com.fiendishcorporation.SmackTests;
				PRODUCT_NAME = "$(TARGET_NAME)";
				SWIFT_VERSION = 4.0;
				TARGETED_DEVICE_FAMILY = "1,2";
				TEST_HOST = "$(BUILT_PRODUCTS_DIR)/Smack.app/Smack";
			};
			name = Release;
		};
		00F7E0181FB716EB00AFD6A5 /* Debug */ = {
			isa = XCBuildConfiguration;
			baseConfigurationReference = E90A20B415649C7CD7A22687 /* Pods-SmackUITests.debug.xcconfig */;
			buildSettings = {
				ALWAYS_EMBED_SWIFT_STANDARD_LIBRARIES = YES;
				CODE_SIGN_STYLE = Automatic;
				DEVELOPMENT_TEAM = 9GNF787574;
				INFOPLIST_FILE = SmackUITests/Info.plist;
				LD_RUNPATH_SEARCH_PATHS = "$(inherited) @executable_path/Frameworks @loader_path/Frameworks";
				PRODUCT_BUNDLE_IDENTIFIER = com.fiendishcorporation.SmackUITests;
				PRODUCT_NAME = "$(TARGET_NAME)";
				SWIFT_VERSION = 4.0;
				TARGETED_DEVICE_FAMILY = "1,2";
				TEST_TARGET_NAME = Smack;
			};
			name = Debug;
		};
		00F7E0191FB716EB00AFD6A5 /* Release */ = {
			isa = XCBuildConfiguration;
			baseConfigurationReference = 78EF04B8EA1985D1FA4048AD /* Pods-SmackUITests.release.xcconfig */;
			buildSettings = {
				ALWAYS_EMBED_SWIFT_STANDARD_LIBRARIES = YES;
				CODE_SIGN_STYLE = Automatic;
				DEVELOPMENT_TEAM = 9GNF787574;
				INFOPLIST_FILE = SmackUITests/Info.plist;
				LD_RUNPATH_SEARCH_PATHS = "$(inherited) @executable_path/Frameworks @loader_path/Frameworks";
				PRODUCT_BUNDLE_IDENTIFIER = com.fiendishcorporation.SmackUITests;
				PRODUCT_NAME = "$(TARGET_NAME)";
				SWIFT_VERSION = 4.0;
				TARGETED_DEVICE_FAMILY = "1,2";
				TEST_TARGET_NAME = Smack;
			};
			name = Release;
		};
/* End XCBuildConfiguration section */

/* Begin XCConfigurationList section */
		00F7DFE41FB716EB00AFD6A5 /* Build configuration list for PBXProject "Smack" */ = {
			isa = XCConfigurationList;
			buildConfigurations = (
				00F7E00F1FB716EB00AFD6A5 /* Debug */,
				00F7E0101FB716EB00AFD6A5 /* Release */,
			);
			defaultConfigurationIsVisible = 0;
			defaultConfigurationName = Release;
		};
		00F7E0111FB716EB00AFD6A5 /* Build configuration list for PBXNativeTarget "Smack" */ = {
			isa = XCConfigurationList;
			buildConfigurations = (
				00F7E0121FB716EB00AFD6A5 /* Debug */,
				00F7E0131FB716EB00AFD6A5 /* Release */,
			);
			defaultConfigurationIsVisible = 0;
			defaultConfigurationName = Release;
		};
		00F7E0141FB716EB00AFD6A5 /* Build configuration list for PBXNativeTarget "SmackTests" */ = {
			isa = XCConfigurationList;
			buildConfigurations = (
				00F7E0151FB716EB00AFD6A5 /* Debug */,
				00F7E0161FB716EB00AFD6A5 /* Release */,
			);
			defaultConfigurationIsVisible = 0;
			defaultConfigurationName = Release;
		};
		00F7E0171FB716EB00AFD6A5 /* Build configuration list for PBXNativeTarget "SmackUITests" */ = {
			isa = XCConfigurationList;
			buildConfigurations = (
				00F7E0181FB716EB00AFD6A5 /* Debug */,
				00F7E0191FB716EB00AFD6A5 /* Release */,
			);
			defaultConfigurationIsVisible = 0;
			defaultConfigurationName = Release;
		};
/* End XCConfigurationList section */
	};
	rootObject = 00F7DFE11FB716EB00AFD6A5 /* Project object */;
}
